// !$*UTF8*$!
{
	archiveVersion = 1;
	classes = {
	};
	objectVersion = 77;
	objects = {

/* Begin PBXBuildFile section */
		0B4FB7CF9004FCB964362A5C /* SharedAppGroup.swift in Sources */ = {isa = PBXBuildFile; fileRef = 28D751509558FA472F19A1E9 /* SharedAppGroup.swift */; };
		36898169B542419BA32DA510 /* Sentry-Dynamic in Frameworks */ = {isa = PBXBuildFile; productRef = F8D79674B58849A9A00C4538 /* Sentry-Dynamic */; };
		4DF5595360F1E690E952EEC5 /* SharedShareQueue.swift in Sources */ = {isa = PBXBuildFile; fileRef = CC806D8A50D60DFFD23095C1 /* SharedShareQueue.swift */; };
		597D439B97706F0F59CC1976 /* RevenueCatUI in Frameworks */ = {isa = PBXBuildFile; productRef = D7B92A4C1DB72A55FF1DE968 /* RevenueCatUI */; };
		605690302FBF20FF0059C355 /* LuminaVaultShareExtension.appex in Embed Foundation Extensions */ = {isa = PBXBuildFile; fileRef = 605690262FBF20FE0059C355 /* LuminaVaultShareExtension.appex */; settings = {ATTRIBUTES = (RemoveHeadersOnCopy, ); }; };
		605871F82FBCCE1E0077984D /* (null) in Frameworks */ = {isa = PBXBuildFile; };
		605871F92FBCCE1E0077984D /* (null) in Frameworks */ = {isa = PBXBuildFile; };
		6098173A2FB8BE2500414C79 /* LuminaVaultShared in Frameworks */ = {isa = PBXBuildFile; productRef = 609817392FB8BE2500414C79 /* LuminaVaultShared */; };
		60GRP000B2FAE1200006F894F /* Grape in Frameworks */ = {isa = PBXBuildFile; productRef = 60GRP000A2FAE1200006F894F /* Grape */; };
		60GSI00012FAE1200006F894F /* GoogleSignIn in Frameworks */ = {isa = PBXBuildFile; productRef = 60GSI00022FAE1200006F894F /* GoogleSignIn */; };
		60HER40012FAE1200006F894F /* RiveRuntime in Frameworks */ = {isa = PBXBuildFile; productRef = 60HER40022FAE1200006F894F /* RiveRuntime */; };
		60MDUI012FAE1200006F894F /* MarkdownUI in Frameworks */ = {isa = PBXBuildFile; productRef = 60MDUI022FAE1200006F894F /* MarkdownUI */; };
		60PHG00012FAE1200006F894F /* PostHog in Frameworks */ = {isa = PBXBuildFile; productRef = 60PHG00022FAE1200006F894F /* PostHog */; };
		60PNK00012FAE1200006F894F /* PhoneNumberKit in Frameworks */ = {isa = PBXBuildFile; productRef = 60PNK00022FAE1200006F894F /* PhoneNumberKit */; };
		60SNP00012FAE1200006F894F /* SnapshotTesting in Frameworks */ = {isa = PBXBuildFile; productRef = 60SNP00022FAE1200006F894F /* SnapshotTesting */; };
		7ED1DE603F22CB11D4572F63 /* PendingShare.swift in Sources */ = {isa = PBXBuildFile; fileRef = 7E92BAF538ED1E2FDADCFEDF /* PendingShare.swift */; };
		AF9870ACC004473D2F65EB8D /* RevenueCat in Frameworks */ = {isa = PBXBuildFile; productRef = 41CABE5B9E8F10B98C99DA63 /* RevenueCat */; };
/* End PBXBuildFile section */

/* Begin PBXContainerItemProxy section */
		6056902E2FBF20FF0059C355 /* PBXContainerItemProxy */ = {
			isa = PBXContainerItemProxy;
			containerPortal = 6088C4EB2FAE1184006F894F /* Project object */;
			proxyType = 1;
			remoteGlobalIDString = 605690252FBF20FE0059C355;
			remoteInfo = LuminaVaultShareExtension;
		};
		6088C5012FAE1186006F894F /* PBXContainerItemProxy */ = {
			isa = PBXContainerItemProxy;
			containerPortal = 6088C4EB2FAE1184006F894F /* Project object */;
			proxyType = 1;
			remoteGlobalIDString = 6088C4F22FAE1184006F894F;
			remoteInfo = LuminaVaultClient;
		};
		6088C50B2FAE1186006F894F /* PBXContainerItemProxy */ = {
			isa = PBXContainerItemProxy;
			containerPortal = 6088C4EB2FAE1184006F894F /* Project object */;
			proxyType = 1;
			remoteGlobalIDString = 6088C4F22FAE1184006F894F;
			remoteInfo = LuminaVaultClient;
		};
/* End PBXContainerItemProxy section */

/* Begin PBXCopyFilesBuildPhase section */
		605690362FBF20FF0059C355 /* Embed Foundation Extensions */ = {
			isa = PBXCopyFilesBuildPhase;
			buildActionMask = 2147483647;
			dstPath = "";
			dstSubfolderSpec = 13;
			files = (
				605690302FBF20FF0059C355 /* LuminaVaultShareExtension.appex in Embed Foundation Extensions */,
			);
			name = "Embed Foundation Extensions";
			runOnlyForDeploymentPostprocessing = 0;
		};
/* End PBXCopyFilesBuildPhase section */

/* Begin PBXFileReference section */
		28D751509558FA472F19A1E9 /* SharedAppGroup.swift */ = {isa = PBXFileReference; includeInIndex = 1; lastKnownFileType = sourcecode.swift; name = SharedAppGroup.swift; path = LuminaVaultClient/Services/AppGroup/SharedAppGroup.swift; sourceTree = "<group>"; };
		605690262FBF20FE0059C355 /* LuminaVaultShareExtension.appex */ = {isa = PBXFileReference; explicitFileType = "wrapper.app-extension"; includeInIndex = 0; path = LuminaVaultShareExtension.appex; sourceTree = BUILT_PRODUCTS_DIR; };
		6088C4F32FAE1184006F894F /* LuminaVaultClient.app */ = {isa = PBXFileReference; explicitFileType = wrapper.application; includeInIndex = 0; path = LuminaVaultClient.app; sourceTree = BUILT_PRODUCTS_DIR; };
		6088C5002FAE1186006F894F /* LuminaVaultClientTests.xctest */ = {isa = PBXFileReference; explicitFileType = wrapper.cfbundle; includeInIndex = 0; path = LuminaVaultClientTests.xctest; sourceTree = BUILT_PRODUCTS_DIR; };
		6088C50A2FAE1186006F894F /* LuminaVaultClientUITests.xctest */ = {isa = PBXFileReference; explicitFileType = wrapper.cfbundle; includeInIndex = 0; path = LuminaVaultClientUITests.xctest; sourceTree = BUILT_PRODUCTS_DIR; };
		60HER143CFGBTA0000000001 /* Config.Beta.xcconfig */ = {isa = PBXFileReference; lastKnownFileType = text.xcconfig; name = Config.Beta.xcconfig; path = LuminaVaultClient/Config/Config.Beta.xcconfig; sourceTree = "<group>"; };
		60HER143CFGDBG0000000001 /* Config.Debug.xcconfig */ = {isa = PBXFileReference; lastKnownFileType = text.xcconfig; name = Config.Debug.xcconfig; path = LuminaVaultClient/Config/Config.Debug.xcconfig; sourceTree = "<group>"; };
		60HER143CFGREL0000000001 /* Config.Release.xcconfig */ = {isa = PBXFileReference; lastKnownFileType = text.xcconfig; name = Config.Release.xcconfig; path = LuminaVaultClient/Config/Config.Release.xcconfig; sourceTree = "<group>"; };
		7E92BAF538ED1E2FDADCFEDF /* PendingShare.swift */ = {isa = PBXFileReference; includeInIndex = 1; lastKnownFileType = sourcecode.swift; name = PendingShare.swift; path = LuminaVaultClient/Services/AppGroup/PendingShare.swift; sourceTree = "<group>"; };
		CC806D8A50D60DFFD23095C1 /* SharedShareQueue.swift */ = {isa = PBXFileReference; includeInIndex = 1; lastKnownFileType = sourcecode.swift; name = SharedShareQueue.swift; path = LuminaVaultClient/Services/AppGroup/SharedShareQueue.swift; sourceTree = "<group>"; };
/* End PBXFileReference section */

/* Begin PBXFileSystemSynchronizedBuildFileExceptionSet section */
		5269C20E41A0D2C9D8A9B4E6 /* Exceptions for "LuminaVaultClient" folder in "LuminaVaultShareExtension" target */ = {
			isa = PBXFileSystemSynchronizedBuildFileExceptionSet;
			membershipExceptions = (
				Services/AppGroup/PendingShare.swift,
				Services/AppGroup/SharedAppGroup.swift,
				Services/AppGroup/SharedCapturePreferences.swift,
				Services/AppGroup/SharedSessionKeychain.swift,
				Services/AppGroup/SharedShareQueue.swift,
				Services/KeychainService.swift,
			);
			target = 605690252FBF20FE0059C355 /* LuminaVaultShareExtension */;
		};
		605690352FBF20FF0059C355 /* Exceptions for "LuminaVaultShareExtension" folder in "LuminaVaultShareExtension" target */ = {
			isa = PBXFileSystemSynchronizedBuildFileExceptionSet;
			membershipExceptions = (
				Info.plist,
			);
			target = 605690252FBF20FE0059C355 /* LuminaVaultShareExtension */;
		};
		60HER39EXC2026051901AB /* Exceptions for "LuminaVaultClient" folder in "LuminaVaultClient" target */ = {
			isa = PBXFileSystemSynchronizedBuildFileExceptionSet;
			membershipExceptions = (
				Config/Info.plist,
				Config/README.md,
				Resources/Hermie/README.md,
				Resources/README.md,
			);
			target = 6088C4F22FAE1184006F894F /* LuminaVaultClient */;
		};
/* End PBXFileSystemSynchronizedBuildFileExceptionSet section */

/* Begin PBXFileSystemSynchronizedRootGroup section */
		605690272FBF20FE0059C355 /* LuminaVaultShareExtension */ = {
			isa = PBXFileSystemSynchronizedRootGroup;
			exceptions = (
				605690352FBF20FF0059C355 /* Exceptions for "LuminaVaultShareExtension" folder in "LuminaVaultShareExtension" target */,
			);
			path = LuminaVaultShareExtension;
			sourceTree = "<group>";
		};
		6088C4F52FAE1184006F894F /* LuminaVaultClient */ = {
			isa = PBXFileSystemSynchronizedRootGroup;
			exceptions = (
				60HER39EXC2026051901AB /* Exceptions for "LuminaVaultClient" folder in "LuminaVaultClient" target */,
				5269C20E41A0D2C9D8A9B4E6 /* Exceptions for "LuminaVaultClient" folder in "LuminaVaultShareExtension" target */,
			);
			path = LuminaVaultClient;
			sourceTree = "<group>";
		};
		6088C5032FAE1186006F894F /* LuminaVaultClientTests */ = {
			isa = PBXFileSystemSynchronizedRootGroup;
			path = LuminaVaultClientTests;
			sourceTree = "<group>";
		};
		6088C50D2FAE1186006F894F /* LuminaVaultClientUITests */ = {
			isa = PBXFileSystemSynchronizedRootGroup;
			path = LuminaVaultClientUITests;
			sourceTree = "<group>";
		};
/* End PBXFileSystemSynchronizedRootGroup section */

/* Begin PBXFrameworksBuildPhase section */
		605690232FBF20FE0059C355 /* Frameworks */ = {
			isa = PBXFrameworksBuildPhase;
			buildActionMask = 2147483647;
			files = (
			);
			runOnlyForDeploymentPostprocessing = 0;
		};
		6088C4F02FAE1184006F894F /* Frameworks */ = {
			isa = PBXFrameworksBuildPhase;
			buildActionMask = 2147483647;
			files = (
				60GSI00012FAE1200006F894F /* GoogleSignIn in Frameworks */,
				60HER40012FAE1200006F894F /* RiveRuntime in Frameworks */,
				60MDUI012FAE1200006F894F /* MarkdownUI in Frameworks */,
				60GRP000B2FAE1200006F894F /* Grape in Frameworks */,
				6098173A2FB8BE2500414C79 /* LuminaVaultShared in Frameworks */,
				60PNK00012FAE1200006F894F /* PhoneNumberKit in Frameworks */,
				60PHG00012FAE1200006F894F /* PostHog in Frameworks */,
				36898169B542419BA32DA510 /* Sentry-Dynamic in Frameworks */,
				AF9870ACC004473D2F65EB8D /* RevenueCat in Frameworks */,
				597D439B97706F0F59CC1976 /* RevenueCatUI in Frameworks */,
			);
			runOnlyForDeploymentPostprocessing = 0;
		};
		6088C4FD2FAE1186006F894F /* Frameworks */ = {
			isa = PBXFrameworksBuildPhase;
			buildActionMask = 2147483647;
			files = (
				60SNP00012FAE1200006F894F /* SnapshotTesting in Frameworks */,
				605871F82FBCCE1E0077984D /* (null) in Frameworks */,
			);
			runOnlyForDeploymentPostprocessing = 0;
		};
		6088C5072FAE1186006F894F /* Frameworks */ = {
			isa = PBXFrameworksBuildPhase;
			buildActionMask = 2147483647;
			files = (
				605871F92FBCCE1E0077984D /* (null) in Frameworks */,
			);
			runOnlyForDeploymentPostprocessing = 0;
		};
/* End PBXFrameworksBuildPhase section */

/* Begin PBXGroup section */
		6088C4EA2FAE1184006F894F = {
			isa = PBXGroup;
			children = (
				6088C4F52FAE1184006F894F /* LuminaVaultClient */,
				6088C5032FAE1186006F894F /* LuminaVaultClientTests */,
				6088C50D2FAE1186006F894F /* LuminaVaultClientUITests */,
				605690272FBF20FE0059C355 /* LuminaVaultShareExtension */,
				6088C4F42FAE1184006F894F /* Products */,
				28D751509558FA472F19A1E9 /* SharedAppGroup.swift */,
				7E92BAF538ED1E2FDADCFEDF /* PendingShare.swift */,
				CC806D8A50D60DFFD23095C1 /* SharedShareQueue.swift */,
				60HER143CFGDBG0000000001 /* Config.Debug.xcconfig */,
				60HER143CFGBTA0000000001 /* Config.Beta.xcconfig */,
				60HER143CFGREL0000000001 /* Config.Release.xcconfig */,
			);
			sourceTree = "<group>";
		};
		6088C4F42FAE1184006F894F /* Products */ = {
			isa = PBXGroup;
			children = (
				6088C4F32FAE1184006F894F /* LuminaVaultClient.app */,
				6088C5002FAE1186006F894F /* LuminaVaultClientTests.xctest */,
				6088C50A2FAE1186006F894F /* LuminaVaultClientUITests.xctest */,
				605690262FBF20FE0059C355 /* LuminaVaultShareExtension.appex */,
			);
			name = Products;
			sourceTree = "<group>";
		};
/* End PBXGroup section */

/* Begin PBXNativeTarget section */
		605690252FBF20FE0059C355 /* LuminaVaultShareExtension */ = {
			isa = PBXNativeTarget;
			buildConfigurationList = 605690312FBF20FF0059C355 /* Build configuration list for PBXNativeTarget "LuminaVaultShareExtension" */;
			buildPhases = (
				605690222FBF20FE0059C355 /* Sources */,
				605690232FBF20FE0059C355 /* Frameworks */,
				605690242FBF20FE0059C355 /* Resources */,
			);
			buildRules = (
			);
			dependencies = (
			);
			fileSystemSynchronizedGroups = (
				605690272FBF20FE0059C355 /* LuminaVaultShareExtension */,
			);
			name = LuminaVaultShareExtension;
			productName = LuminaVaultShareExtension;
			productReference = 605690262FBF20FE0059C355 /* LuminaVaultShareExtension.appex */;
			productType = "com.apple.product-type.app-extension";
		};
		6088C4F22FAE1184006F894F /* LuminaVaultClient */ = {
			isa = PBXNativeTarget;
			buildConfigurationList = 6088C5142FAE1186006F894F /* Build configuration list for PBXNativeTarget "LuminaVaultClient" */;
			buildPhases = (
				6088C4EF2FAE1184006F894F /* Sources */,
				6088C4F02FAE1184006F894F /* Frameworks */,
				6088C4F12FAE1184006F894F /* Resources */,
				605690362FBF20FF0059C355 /* Embed Foundation Extensions */,
				A53E5752B5D24598A86BD3CA /* Upload Debug Symbols to Sentry */,
			);
			buildRules = (
			);
			dependencies = (
				6056902F2FBF20FF0059C355 /* PBXTargetDependency */,
			);
			fileSystemSynchronizedGroups = (
				6088C4F52FAE1184006F894F /* LuminaVaultClient */,
			);
			name = LuminaVaultClient;
			packageProductDependencies = (
				60GSI00022FAE1200006F894F /* GoogleSignIn */,
				60HER40022FAE1200006F894F /* RiveRuntime */,
				60MDUI022FAE1200006F894F /* MarkdownUI */,
				60GRP000A2FAE1200006F894F /* Grape */,
				60PNK00022FAE1200006F894F /* PhoneNumberKit */,
				609817392FB8BE2500414C79 /* LuminaVaultShared */,
				60PHG00022FAE1200006F894F /* PostHog */,
				F8D79674B58849A9A00C4538 /* Sentry-Dynamic */,
				41CABE5B9E8F10B98C99DA63 /* RevenueCat */,
				D7B92A4C1DB72A55FF1DE968 /* RevenueCatUI */,
			);
			productName = LuminaVaultClient;
			productReference = 6088C4F32FAE1184006F894F /* LuminaVaultClient.app */;
			productType = "com.apple.product-type.application";
		};
		6088C4FF2FAE1186006F894F /* LuminaVaultClientTests */ = {
			isa = PBXNativeTarget;
			buildConfigurationList = 6088C5172FAE1186006F894F /* Build configuration list for PBXNativeTarget "LuminaVaultClientTests" */;
			buildPhases = (
				6088C4FC2FAE1186006F894F /* Sources */,
				6088C4FD2FAE1186006F894F /* Frameworks */,
				6088C4FE2FAE1186006F894F /* Resources */,
			);
			buildRules = (
			);
			dependencies = (
				6088C5022FAE1186006F894F /* PBXTargetDependency */,
			);
			fileSystemSynchronizedGroups = (
				6088C5032FAE1186006F894F /* LuminaVaultClientTests */,
			);
			name = LuminaVaultClientTests;
			packageProductDependencies = (
				60SNP00022FAE1200006F894F /* SnapshotTesting */,
			);
			productName = LuminaVaultClientTests;
			productReference = 6088C5002FAE1186006F894F /* LuminaVaultClientTests.xctest */;
			productType = "com.apple.product-type.bundle.unit-test";
		};
		6088C5092FAE1186006F894F /* LuminaVaultClientUITests */ = {
			isa = PBXNativeTarget;
			buildConfigurationList = 6088C51A2FAE1186006F894F /* Build configuration list for PBXNativeTarget "LuminaVaultClientUITests" */;
			buildPhases = (
				6088C5062FAE1186006F894F /* Sources */,
				6088C5072FAE1186006F894F /* Frameworks */,
				6088C5082FAE1186006F894F /* Resources */,
			);
			buildRules = (
			);
			dependencies = (
				6088C50C2FAE1186006F894F /* PBXTargetDependency */,
			);
			fileSystemSynchronizedGroups = (
				6088C50D2FAE1186006F894F /* LuminaVaultClientUITests */,
			);
			name = LuminaVaultClientUITests;
			productName = LuminaVaultClientUITests;
			productReference = 6088C50A2FAE1186006F894F /* LuminaVaultClientUITests.xctest */;
			productType = "com.apple.product-type.bundle.ui-testing";
		};
/* End PBXNativeTarget section */

/* Begin PBXProject section */
		6088C4EB2FAE1184006F894F /* Project object */ = {
			isa = PBXProject;
			attributes = {
				BuildIndependentTargetsInParallel = 1;
				LastSwiftUpdateCheck = 2640;
				LastUpgradeCheck = 2640;
				TargetAttributes = {
					605690252FBF20FE0059C355 = {
						CreatedOnToolsVersion = 26.4.1;
					};
					6088C4F22FAE1184006F894F = {
						CreatedOnToolsVersion = 26.4.1;
					};
					6088C4FF2FAE1186006F894F = {
						CreatedOnToolsVersion = 26.4.1;
						TestTargetID = 6088C4F22FAE1184006F894F;
					};
					6088C5092FAE1186006F894F = {
						CreatedOnToolsVersion = 26.4.1;
						TestTargetID = 6088C4F22FAE1184006F894F;
					};
				};
			};
			buildConfigurationList = 6088C4EE2FAE1184006F894F /* Build configuration list for PBXProject "LuminaVaultClient" */;
			developmentRegion = en;
			hasScannedForEncodings = 0;
			knownRegions = (
				en,
				Base,
			);
			mainGroup = 6088C4EA2FAE1184006F894F;
			minimizedProjectReferenceProxies = 1;
			packageReferences = (
				60GSI00032FAE1200006F894F /* XCRemoteSwiftPackageReference "GoogleSignIn-iOS" */,
				60HER40032FAE1200006F894F /* XCRemoteSwiftPackageReference "rive-ios" */,
				60MDUI032FAE1200006F894F /* XCRemoteSwiftPackageReference "swift-markdown-ui" */,
				60GRP000C2FAE1200006F894F /* XCRemoteSwiftPackageReference "Grape" */,
				60PNK00032FAE1200006F894F /* XCRemoteSwiftPackageReference "PhoneNumberKit" */,
				609817382FB8BE2500414C79 /* XCRemoteSwiftPackageReference "LuminaVaultShared" */,
				60SNP00032FAE1200006F894F /* XCRemoteSwiftPackageReference "swift-snapshot-testing" */,
				60PHG00032FAE1200006F894F /* XCRemoteSwiftPackageReference "posthog-ios" */,
				63C9812D8F0349FC8A4481E2 /* XCRemoteSwiftPackageReference "sentry-cocoa" */,
				CA876A02B2394950741A9E30 /* XCRemoteSwiftPackageReference "purchases-ios" */,
			);
			preferredProjectObjectVersion = 77;
			productRefGroup = 6088C4F42FAE1184006F894F /* Products */;
			projectDirPath = "";
			projectRoot = "";
			targets = (
				6088C4F22FAE1184006F894F /* LuminaVaultClient */,
				6088C4FF2FAE1186006F894F /* LuminaVaultClientTests */,
				6088C5092FAE1186006F894F /* LuminaVaultClientUITests */,
				605690252FBF20FE0059C355 /* LuminaVaultShareExtension */,
			);
		};
/* End PBXProject section */

/* Begin PBXResourcesBuildPhase section */
		605690242FBF20FE0059C355 /* Resources */ = {
			isa = PBXResourcesBuildPhase;
			buildActionMask = 2147483647;
			files = (
			);
			runOnlyForDeploymentPostprocessing = 0;
		};
		6088C4F12FAE1184006F894F /* Resources */ = {
			isa = PBXResourcesBuildPhase;
			buildActionMask = 2147483647;
			files = (
			);
			runOnlyForDeploymentPostprocessing = 0;
		};
		6088C4FE2FAE1186006F894F /* Resources */ = {
			isa = PBXResourcesBuildPhase;
			buildActionMask = 2147483647;
			files = (
			);
			runOnlyForDeploymentPostprocessing = 0;
		};
		6088C5082FAE1186006F894F /* Resources */ = {
			isa = PBXResourcesBuildPhase;
			buildActionMask = 2147483647;
			files = (
			);
			runOnlyForDeploymentPostprocessing = 0;
		};
/* End PBXResourcesBuildPhase section */

/* Begin PBXShellScriptBuildPhase section */
		A53E5752B5D24598A86BD3CA /* Upload Debug Symbols to Sentry */ = {
			isa = PBXShellScriptBuildPhase;
			alwaysOutOfDate = 1;
			buildActionMask = 2147483647;
			files = (
			);
			inputPaths = (
				"${DWARF_DSYM_FOLDER_PATH}/${DWARF_DSYM_FILE_NAME}/Contents/Resources/DWARF/${TARGET_NAME}",
			);
			name = "Upload Debug Symbols to Sentry";
			outputPaths = (
			);
			runOnlyForDeploymentPostprocessing = 0;
			shellPath = /bin/sh;
			shellScript = "# This script is responsible for uploading debug symbols and source context for Sentry.\nif which sentry-cli >/dev/null; then\n  export SENTRY_ORG=fernando-lda\n  export SENTRY_PROJECT=luminavault\n  ERROR=$(sentry-cli debug-files upload --include-sources \"$DWARF_DSYM_FOLDER_PATH\" 2>&1 >/dev/null)\n  if [ ! $? -eq 0 ]; then\n    echo \"warning: sentry-cli - $ERROR\"\n  fi\nelse\n  echo \"warning: sentry-cli not installed, download from https://github.com/getsentry/sentry-cli/releases\"\nfi\n";
		};
/* End PBXShellScriptBuildPhase section */

/* Begin PBXSourcesBuildPhase section */
		605690222FBF20FE0059C355 /* Sources */ = {
			isa = PBXSourcesBuildPhase;
			buildActionMask = 2147483647;
			files = (
				0B4FB7CF9004FCB964362A5C /* SharedAppGroup.swift in Sources */,
				7ED1DE603F22CB11D4572F63 /* PendingShare.swift in Sources */,
				4DF5595360F1E690E952EEC5 /* SharedShareQueue.swift in Sources */,
			);
			runOnlyForDeploymentPostprocessing = 0;
		};
		6088C4EF2FAE1184006F894F /* Sources */ = {
			isa = PBXSourcesBuildPhase;
			buildActionMask = 2147483647;
			files = (
			);
			runOnlyForDeploymentPostprocessing = 0;
		};
		6088C4FC2FAE1186006F894F /* Sources */ = {
			isa = PBXSourcesBuildPhase;
			buildActionMask = 2147483647;
			files = (
			);
			runOnlyForDeploymentPostprocessing = 0;
		};
		6088C5062FAE1186006F894F /* Sources */ = {
			isa = PBXSourcesBuildPhase;
			buildActionMask = 2147483647;
			files = (
			);
			runOnlyForDeploymentPostprocessing = 0;
		};
/* End PBXSourcesBuildPhase section */

/* Begin PBXTargetDependency section */
		6056902F2FBF20FF0059C355 /* PBXTargetDependency */ = {
			isa = PBXTargetDependency;
			target = 605690252FBF20FE0059C355 /* LuminaVaultShareExtension */;
			targetProxy = 6056902E2FBF20FF0059C355 /* PBXContainerItemProxy */;
		};
		6088C5022FAE1186006F894F /* PBXTargetDependency */ = {
			isa = PBXTargetDependency;
			target = 6088C4F22FAE1184006F894F /* LuminaVaultClient */;
			targetProxy = 6088C5012FAE1186006F894F /* PBXContainerItemProxy */;
		};
		6088C50C2FAE1186006F894F /* PBXTargetDependency */ = {
			isa = PBXTargetDependency;
			target = 6088C4F22FAE1184006F894F /* LuminaVaultClient */;
			targetProxy = 6088C50B2FAE1186006F894F /* PBXContainerItemProxy */;
		};
/* End PBXTargetDependency section */

/* Begin XCBuildConfiguration section */
		605690322FBF20FF0059C355 /* Debug */ = {
			isa = XCBuildConfiguration;
			buildSettings = {
				CODE_SIGN_STYLE = Automatic;
				CURRENT_PROJECT_VERSION = 1;
				DEVELOPMENT_TEAM = 84X9WYBF36;
				GENERATE_INFOPLIST_FILE = YES;
				INFOPLIST_FILE = LuminaVaultShareExtension/Info.plist;
				INFOPLIST_KEY_CFBundleDisplayName = LuminaVaultShareExtension;
				INFOPLIST_KEY_NSHumanReadableCopyright = "";
				LD_RUNPATH_SEARCH_PATHS = (
					"$(inherited)",
					"@executable_path/Frameworks",
					"@executable_path/../../Frameworks",
				);
				MARKETING_VERSION = 1.0;
				PRODUCT_BUNDLE_IDENTIFIER = com.lumina.fernando.test.LuminaVaultShareExtension;
				PRODUCT_NAME = "$(TARGET_NAME)";
				SKIP_INSTALL = YES;
				STRING_CATALOG_GENERATE_SYMBOLS = YES;
				SWIFT_APPROACHABLE_CONCURRENCY = YES;
				SWIFT_EMIT_LOC_STRINGS = YES;
				SWIFT_UPCOMING_FEATURE_MEMBER_IMPORT_VISIBILITY = YES;
				SWIFT_VERSION = 5.0;
				TARGETED_DEVICE_FAMILY = "1,2";
			};
			name = Debug;
		};
		605690332FBF20FF0059C355 /* Release */ = {
			isa = XCBuildConfiguration;
			buildSettings = {
				CODE_SIGN_STYLE = Automatic;
				CURRENT_PROJECT_VERSION = 1;
				DEVELOPMENT_TEAM = 84X9WYBF36;
				GENERATE_INFOPLIST_FILE = YES;
				INFOPLIST_FILE = LuminaVaultShareExtension/Info.plist;
				INFOPLIST_KEY_CFBundleDisplayName = LuminaVaultShareExtension;
				INFOPLIST_KEY_NSHumanReadableCopyright = "";
				LD_RUNPATH_SEARCH_PATHS = (
					"$(inherited)",
					"@executable_path/Frameworks",
					"@executable_path/../../Frameworks",
				);
				MARKETING_VERSION = 1.0;
				PRODUCT_BUNDLE_IDENTIFIER = com.lumina.fernando.LuminaVaultShareExtension;
				PRODUCT_NAME = "$(TARGET_NAME)";
				SKIP_INSTALL = YES;
				STRING_CATALOG_GENERATE_SYMBOLS = YES;
				SWIFT_APPROACHABLE_CONCURRENCY = YES;
				SWIFT_EMIT_LOC_STRINGS = YES;
				SWIFT_UPCOMING_FEATURE_MEMBER_IMPORT_VISIBILITY = YES;
				SWIFT_VERSION = 5.0;
				TARGETED_DEVICE_FAMILY = "1,2";
			};
			name = Release;
		};
		605690342FBF20FF0059C355 /* Beta */ = {
			isa = XCBuildConfiguration;
			buildSettings = {
				CODE_SIGN_STYLE = Automatic;
				CURRENT_PROJECT_VERSION = 1;
				DEVELOPMENT_TEAM = 84X9WYBF36;
				GENERATE_INFOPLIST_FILE = YES;
				INFOPLIST_FILE = LuminaVaultShareExtension/Info.plist;
				INFOPLIST_KEY_CFBundleDisplayName = LuminaVaultShareExtension;
				INFOPLIST_KEY_NSHumanReadableCopyright = "";
				LD_RUNPATH_SEARCH_PATHS = (
					"$(inherited)",
					"@executable_path/Frameworks",
					"@executable_path/../../Frameworks",
				);
				MARKETING_VERSION = 1.0;
				PRODUCT_BUNDLE_IDENTIFIER = com.lumina.fernando.beta.LuminaVaultShareExtension;
				PRODUCT_NAME = "$(TARGET_NAME)";
				SKIP_INSTALL = YES;
				STRING_CATALOG_GENERATE_SYMBOLS = YES;
				SWIFT_APPROACHABLE_CONCURRENCY = YES;
				SWIFT_EMIT_LOC_STRINGS = YES;
				SWIFT_UPCOMING_FEATURE_MEMBER_IMPORT_VISIBILITY = YES;
				SWIFT_VERSION = 5.0;
				TARGETED_DEVICE_FAMILY = "1,2";
			};
			name = Beta;
		};
		6088C5122FAE1186006F894F /* Debug */ = {
			isa = XCBuildConfiguration;
			buildSettings = {
				ALWAYS_SEARCH_USER_PATHS = NO;
				ASSETCATALOG_COMPILER_GENERATE_SWIFT_ASSET_SYMBOL_EXTENSIONS = YES;
				CLANG_ANALYZER_NONNULL = YES;
				CLANG_ANALYZER_NUMBER_OBJECT_CONVERSION = YES_AGGRESSIVE;
				CLANG_CXX_LANGUAGE_STANDARD = "gnu++20";
				CLANG_ENABLE_MODULES = YES;
				CLANG_ENABLE_OBJC_ARC = YES;
				CLANG_ENABLE_OBJC_WEAK = YES;
				CLANG_WARN_BLOCK_CAPTURE_AUTORELEASING = YES;
				CLANG_WARN_BOOL_CONVERSION = YES;
				CLANG_WARN_COMMA = YES;
				CLANG_WARN_CONSTANT_CONVERSION = YES;
				CLANG_WARN_DEPRECATED_OBJC_IMPLEMENTATIONS = YES;
				CLANG_WARN_DIRECT_OBJC_ISA_USAGE = YES_ERROR;
				CLANG_WARN_DOCUMENTATION_COMMENTS = YES;
				CLANG_WARN_EMPTY_BODY = YES;
				CLANG_WARN_ENUM_CONVERSION = YES;
				CLANG_WARN_INFINITE_RECURSION = YES;
				CLANG_WARN_INT_CONVERSION = YES;
				CLANG_WARN_NON_LITERAL_NULL_CONVERSION = YES;
				CLANG_WARN_OBJC_IMPLICIT_RETAIN_SELF = YES;
				CLANG_WARN_OBJC_LITERAL_CONVERSION = YES;
				CLANG_WARN_OBJC_ROOT_CLASS = YES_ERROR;
				CLANG_WARN_QUOTED_INCLUDE_IN_FRAMEWORK_HEADER = YES;
				CLANG_WARN_RANGE_LOOP_ANALYSIS = YES;
				CLANG_WARN_STRICT_PROTOTYPES = YES;
				CLANG_WARN_SUSPICIOUS_MOVE = YES;
				CLANG_WARN_UNGUARDED_AVAILABILITY = YES_AGGRESSIVE;
				CLANG_WARN_UNREACHABLE_CODE = YES;
				CLANG_WARN__DUPLICATE_METHOD_MATCH = YES;
				COPY_PHASE_STRIP = NO;
				DEBUG_INFORMATION_FORMAT = dwarf;
				DEVELOPMENT_TEAM = 84X9WYBF36;
				ENABLE_STRICT_OBJC_MSGSEND = YES;
				ENABLE_TESTABILITY = YES;
				ENABLE_USER_SCRIPT_SANDBOXING = YES;
				GCC_C_LANGUAGE_STANDARD = gnu17;
				GCC_DYNAMIC_NO_PIC = NO;
				GCC_NO_COMMON_BLOCKS = YES;
				GCC_OPTIMIZATION_LEVEL = 0;
				GCC_PREPROCESSOR_DEFINITIONS = (
					"DEBUG=1",
					"$(inherited)",
				);
				GCC_WARN_64_TO_32_BIT_CONVERSION = YES;
				GCC_WARN_ABOUT_RETURN_TYPE = YES_ERROR;
				GCC_WARN_UNDECLARED_SELECTOR = YES;
				GCC_WARN_UNINITIALIZED_AUTOS = YES_AGGRESSIVE;
				GCC_WARN_UNUSED_FUNCTION = YES;
				GCC_WARN_UNUSED_VARIABLE = YES;
				IPHONEOS_DEPLOYMENT_TARGET = 18.0;
				LOCALIZATION_PREFERS_STRING_CATALOGS = YES;
				MTL_ENABLE_DEBUG_INFO = INCLUDE_SOURCE;
				MTL_FAST_MATH = YES;
				ONLY_ACTIVE_ARCH = YES;
				SDKROOT = iphoneos;
				SWIFT_ACTIVE_COMPILATION_CONDITIONS = "DEBUG $(inherited)";
				SWIFT_DEFAULT_ACTOR_ISOLATION = MainActor;
				SWIFT_OPTIMIZATION_LEVEL = "-Onone";
				SWIFT_STRICT_CONCURRENCY = complete;
			};
			name = Debug;
		};
		6088C5132FAE1186006F894F /* Release */ = {
			isa = XCBuildConfiguration;
			buildSettings = {
				ALWAYS_SEARCH_USER_PATHS = NO;
				ASSETCATALOG_COMPILER_GENERATE_SWIFT_ASSET_SYMBOL_EXTENSIONS = YES;
				CLANG_ANALYZER_NONNULL = YES;
				CLANG_ANALYZER_NUMBER_OBJECT_CONVERSION = YES_AGGRESSIVE;
				CLANG_CXX_LANGUAGE_STANDARD = "gnu++20";
				CLANG_ENABLE_MODULES = YES;
				CLANG_ENABLE_OBJC_ARC = YES;
				CLANG_ENABLE_OBJC_WEAK = YES;
				CLANG_WARN_BLOCK_CAPTURE_AUTORELEASING = YES;
				CLANG_WARN_BOOL_CONVERSION = YES;
				CLANG_WARN_COMMA = YES;
				CLANG_WARN_CONSTANT_CONVERSION = YES;
				CLANG_WARN_DEPRECATED_OBJC_IMPLEMENTATIONS = YES;
				CLANG_WARN_DIRECT_OBJC_ISA_USAGE = YES_ERROR;
				CLANG_WARN_DOCUMENTATION_COMMENTS = YES;
				CLANG_WARN_EMPTY_BODY = YES;
				CLANG_WARN_ENUM_CONVERSION = YES;
				CLANG_WARN_INFINITE_RECURSION = YES;
				CLANG_WARN_INT_CONVERSION = YES;
				CLANG_WARN_NON_LITERAL_NULL_CONVERSION = YES;
				CLANG_WARN_OBJC_IMPLICIT_RETAIN_SELF = YES;
				CLANG_WARN_OBJC_LITERAL_CONVERSION = YES;
				CLANG_WARN_OBJC_ROOT_CLASS = YES_ERROR;
				CLANG_WARN_QUOTED_INCLUDE_IN_FRAMEWORK_HEADER = YES;
				CLANG_WARN_RANGE_LOOP_ANALYSIS = YES;
				CLANG_WARN_STRICT_PROTOTYPES = YES;
				CLANG_WARN_SUSPICIOUS_MOVE = YES;
				CLANG_WARN_UNGUARDED_AVAILABILITY = YES_AGGRESSIVE;
				CLANG_WARN_UNREACHABLE_CODE = YES;
				CLANG_WARN__DUPLICATE_METHOD_MATCH = YES;
				COPY_PHASE_STRIP = NO;
				DEBUG_INFORMATION_FORMAT = "dwarf-with-dsym";
				DEVELOPMENT_TEAM = 84X9WYBF36;
				ENABLE_NS_ASSERTIONS = NO;
				ENABLE_STRICT_OBJC_MSGSEND = YES;
				ENABLE_USER_SCRIPT_SANDBOXING = YES;
				GCC_C_LANGUAGE_STANDARD = gnu17;
				GCC_NO_COMMON_BLOCKS = YES;
				GCC_WARN_64_TO_32_BIT_CONVERSION = YES;
				GCC_WARN_ABOUT_RETURN_TYPE = YES_ERROR;
				GCC_WARN_UNDECLARED_SELECTOR = YES;
				GCC_WARN_UNINITIALIZED_AUTOS = YES_AGGRESSIVE;
				GCC_WARN_UNUSED_FUNCTION = YES;
				GCC_WARN_UNUSED_VARIABLE = YES;
				IPHONEOS_DEPLOYMENT_TARGET = 18.0;
				LOCALIZATION_PREFERS_STRING_CATALOGS = YES;
				MTL_ENABLE_DEBUG_INFO = NO;
				MTL_FAST_MATH = YES;
				SDKROOT = iphoneos;
				SWIFT_COMPILATION_MODE = wholemodule;
				SWIFT_DEFAULT_ACTOR_ISOLATION = MainActor;
				SWIFT_STRICT_CONCURRENCY = complete;
				VALIDATE_PRODUCT = YES;
			};
			name = Release;
		};
		6088C5152FAE1186006F894F /* Debug */ = {
			isa = XCBuildConfiguration;
			baseConfigurationReference = 60HER143CFGDBG0000000001 /* Config.Debug.xcconfig */;
			buildSettings = {
				ASSETCATALOG_COMPILER_APPICON_NAME = AppIcon;
				ASSETCATALOG_COMPILER_GLOBAL_ACCENT_COLOR_NAME = AccentColor;
				BUILD_NUMBER = 1;
				CODE_SIGN_ENTITLEMENTS = LuminaVaultClient/LuminaVaultClient.entitlements;
				CODE_SIGN_STYLE = Automatic;
				CURRENT_PROJECT_VERSION = "$(BUILD_NUMBER)";
				DEBUG_INFORMATION_FORMAT = "dwarf-with-dsym";
				DEVELOPMENT_TEAM = 84X9WYBF36;
				ENABLE_PREVIEWS = YES;
				ENABLE_USER_SCRIPT_SANDBOXING = NO;
				GENERATE_INFOPLIST_FILE = NO;
				INFOPLIST_FILE = LuminaVaultClient/Config/Info.plist;
				INFOPLIST_KEY_ITSAppUsesNonExemptEncryption = NO;
				INFOPLIST_KEY_LSApplicationCategoryType = "public.app-category.productivity";
				INFOPLIST_KEY_NSCameraUsageDescription = "LuminaVault uses the camera to scan the QR code that signs you in to the web dashboard.";
				INFOPLIST_KEY_NSFaceIDUsageDescription = "Use Face ID to unlock LuminaVault and your memories.";
				INFOPLIST_KEY_NSHealthShareUsageDescription = "LuminaVault reads your HealthKit data so Lumina can surface patterns and nudges from your activity, sleep, and workouts.";
				INFOPLIST_KEY_NSHealthUpdateUsageDescription = "LuminaVault writes mindfulness sessions and notes back to HealthKit when you ask Lumina to.";
				INFOPLIST_KEY_NSLocationWhenInUseUsageDescription = "LuminaVault tags captures with the place you saved them — only when you toggle Location on for that capture.";
				INFOPLIST_KEY_NSPhotoLibraryUsageDescription = "LuminaVault reads photos you pick to save them to your vault. Selection is one-shot and limited to the photos you choose.";
				INFOPLIST_KEY_UIApplicationSceneManifest_Generation = YES;
				INFOPLIST_KEY_UIApplicationSupportsIndirectInputEvents = YES;
				INFOPLIST_KEY_UIBackgroundModes = processing;
				INFOPLIST_KEY_UILaunchScreen_Generation = YES;
				INFOPLIST_KEY_UISupportedInterfaceOrientations_iPad = "UIInterfaceOrientationPortrait UIInterfaceOrientationPortraitUpsideDown UIInterfaceOrientationLandscapeLeft UIInterfaceOrientationLandscapeRight";
				INFOPLIST_KEY_UISupportedInterfaceOrientations_iPhone = "UIInterfaceOrientationPortrait UIInterfaceOrientationLandscapeLeft UIInterfaceOrientationLandscapeRight";
				LD_RUNPATH_SEARCH_PATHS = (
					"$(inherited)",
					"@executable_path/Frameworks",
				);
				MARKETING_VERSION = 1.0;
				PRODUCT_BUNDLE_IDENTIFIER = com.lumina.fernando.test;
				PRODUCT_NAME = "$(TARGET_NAME)";
				STRING_CATALOG_GENERATE_SYMBOLS = YES;
				SWIFT_APPROACHABLE_CONCURRENCY = YES;
				SWIFT_DEFAULT_ACTOR_ISOLATION = MainActor;
				SWIFT_EMIT_LOC_STRINGS = YES;
				SWIFT_STRICT_CONCURRENCY = complete;
				SWIFT_UPCOMING_FEATURE_MEMBER_IMPORT_VISIBILITY = YES;
				SWIFT_VERSION = 5.0;
				TARGETED_DEVICE_FAMILY = "1,2";
			};
			name = Debug;
		};
		6088C5162FAE1186006F894F /* Release */ = {
			isa = XCBuildConfiguration;
			baseConfigurationReference = 60HER143CFGREL0000000001 /* Config.Release.xcconfig */;
			buildSettings = {
				ASSETCATALOG_COMPILER_APPICON_NAME = AppIcon;
				ASSETCATALOG_COMPILER_GLOBAL_ACCENT_COLOR_NAME = AccentColor;
				BUILD_NUMBER = 1;
				CODE_SIGN_ENTITLEMENTS = LuminaVaultClient/LuminaVaultClient.Release.entitlements;
				CODE_SIGN_STYLE = Automatic;
				CURRENT_PROJECT_VERSION = "$(BUILD_NUMBER)";
				DEBUG_INFORMATION_FORMAT = "dwarf-with-dsym";
				DEVELOPMENT_TEAM = 84X9WYBF36;
				ENABLE_PREVIEWS = YES;
				ENABLE_USER_SCRIPT_SANDBOXING = NO;
				GENERATE_INFOPLIST_FILE = NO;
				INFOPLIST_FILE = LuminaVaultClient/Config/Info.plist;
				INFOPLIST_KEY_ITSAppUsesNonExemptEncryption = NO;
				INFOPLIST_KEY_LSApplicationCategoryType = "public.app-category.productivity";
				INFOPLIST_KEY_NSCameraUsageDescription = "LuminaVault uses the camera to scan the QR code that signs you in to the web dashboard.";
				INFOPLIST_KEY_NSFaceIDUsageDescription = "Use Face ID to unlock LuminaVault and your memories.";
				INFOPLIST_KEY_NSHealthShareUsageDescription = "LuminaVault reads your HealthKit data so Lumina can surface patterns and nudges from your activity, sleep, and workouts.";
				INFOPLIST_KEY_NSHealthUpdateUsageDescription = "LuminaVault writes mindfulness sessions and notes back to HealthKit when you ask Lumina to.";
				INFOPLIST_KEY_NSLocationWhenInUseUsageDescription = "LuminaVault tags captures with the place you saved them — only when you toggle Location on for that capture.";
				INFOPLIST_KEY_NSPhotoLibraryUsageDescription = "LuminaVault reads photos you pick to save them to your vault. Selection is one-shot and limited to the photos you choose.";
				INFOPLIST_KEY_UIApplicationSceneManifest_Generation = YES;
				INFOPLIST_KEY_UIApplicationSupportsIndirectInputEvents = YES;
				INFOPLIST_KEY_UIBackgroundModes = processing;
				INFOPLIST_KEY_UILaunchScreen_Generation = YES;
				INFOPLIST_KEY_UISupportedInterfaceOrientations_iPad = "UIInterfaceOrientationPortrait UIInterfaceOrientationPortraitUpsideDown UIInterfaceOrientationLandscapeLeft UIInterfaceOrientationLandscapeRight";
				INFOPLIST_KEY_UISupportedInterfaceOrientations_iPhone = "UIInterfaceOrientationPortrait UIInterfaceOrientationLandscapeLeft UIInterfaceOrientationLandscapeRight";
				LD_RUNPATH_SEARCH_PATHS = (
					"$(inherited)",
					"@executable_path/Frameworks",
				);
				MARKETING_VERSION = 1.0;
				PRODUCT_BUNDLE_IDENTIFIER = com.lumina.fernando;
				PRODUCT_NAME = "$(TARGET_NAME)";
				STRING_CATALOG_GENERATE_SYMBOLS = YES;
				SWIFT_APPROACHABLE_CONCURRENCY = YES;
				SWIFT_DEFAULT_ACTOR_ISOLATION = MainActor;
				SWIFT_EMIT_LOC_STRINGS = YES;
				SWIFT_STRICT_CONCURRENCY = complete;
				SWIFT_UPCOMING_FEATURE_MEMBER_IMPORT_VISIBILITY = YES;
				SWIFT_VERSION = 5.0;
				TARGETED_DEVICE_FAMILY = "1,2";
			};
			name = Release;
		};
		6088C5182FAE1186006F894F /* Debug */ = {
			isa = XCBuildConfiguration;
			buildSettings = {
				BUNDLE_LOADER = "$(TEST_HOST)";
				CODE_SIGN_STYLE = Automatic;
				CURRENT_PROJECT_VERSION = 1;
				DEVELOPMENT_TEAM = 84X9WYBF36;
				GENERATE_INFOPLIST_FILE = YES;
				IPHONEOS_DEPLOYMENT_TARGET = 18.0;
				MARKETING_VERSION = 1.0;
				PRODUCT_BUNDLE_IDENTIFIER = com.lumina.LuminaVaultClientTests;
				PRODUCT_NAME = "$(TARGET_NAME)";
				STRING_CATALOG_GENERATE_SYMBOLS = NO;
				SWIFT_APPROACHABLE_CONCURRENCY = YES;
				SWIFT_EMIT_LOC_STRINGS = NO;
				SWIFT_UPCOMING_FEATURE_MEMBER_IMPORT_VISIBILITY = YES;
				SWIFT_VERSION = 5.0;
				TARGETED_DEVICE_FAMILY = "1,2";
				TEST_HOST = "$(BUILT_PRODUCTS_DIR)/LuminaVaultClient.app/$(BUNDLE_EXECUTABLE_FOLDER_PATH)/LuminaVaultClient";
			};
			name = Debug;
		};
		6088C5192FAE1186006F894F /* Release */ = {
			isa = XCBuildConfiguration;
			buildSettings = {
				BUNDLE_LOADER = "$(TEST_HOST)";
				CODE_SIGN_STYLE = Automatic;
				CURRENT_PROJECT_VERSION = 1;
				DEVELOPMENT_TEAM = 84X9WYBF36;
				GENERATE_INFOPLIST_FILE = YES;
				IPHONEOS_DEPLOYMENT_TARGET = 18.0;
				MARKETING_VERSION = 1.0;
				PRODUCT_BUNDLE_IDENTIFIER = com.lumina.LuminaVaultClientTests;
				PRODUCT_NAME = "$(TARGET_NAME)";
				STRING_CATALOG_GENERATE_SYMBOLS = NO;
				SWIFT_APPROACHABLE_CONCURRENCY = YES;
				SWIFT_EMIT_LOC_STRINGS = NO;
				SWIFT_UPCOMING_FEATURE_MEMBER_IMPORT_VISIBILITY = YES;
				SWIFT_VERSION = 5.0;
				TARGETED_DEVICE_FAMILY = "1,2";
				TEST_HOST = "$(BUILT_PRODUCTS_DIR)/LuminaVaultClient.app/$(BUNDLE_EXECUTABLE_FOLDER_PATH)/LuminaVaultClient";
			};
			name = Release;
		};
		6088C51B2FAE1186006F894F /* Debug */ = {
			isa = XCBuildConfiguration;
			buildSettings = {
				CODE_SIGN_STYLE = Automatic;
				CURRENT_PROJECT_VERSION = 1;
				DEVELOPMENT_TEAM = 84X9WYBF36;
				GENERATE_INFOPLIST_FILE = YES;
				MARKETING_VERSION = 1.0;
				PRODUCT_BUNDLE_IDENTIFIER = com.lumina.LuminaVaultClientUITests;
				PRODUCT_NAME = "$(TARGET_NAME)";
				STRING_CATALOG_GENERATE_SYMBOLS = NO;
				SWIFT_APPROACHABLE_CONCURRENCY = YES;
				SWIFT_EMIT_LOC_STRINGS = NO;
				SWIFT_UPCOMING_FEATURE_MEMBER_IMPORT_VISIBILITY = YES;
				SWIFT_VERSION = 5.0;
				TARGETED_DEVICE_FAMILY = "1,2";
				TEST_TARGET_NAME = LuminaVaultClient;
			};
			name = Debug;
		};
		6088C51C2FAE1186006F894F /* Release */ = {
			isa = XCBuildConfiguration;
			buildSettings = {
				CODE_SIGN_STYLE = Automatic;
				CURRENT_PROJECT_VERSION = 1;
				DEVELOPMENT_TEAM = 84X9WYBF36;
				GENERATE_INFOPLIST_FILE = YES;
				MARKETING_VERSION = 1.0;
				PRODUCT_BUNDLE_IDENTIFIER = com.lumina.LuminaVaultClientUITests;
				PRODUCT_NAME = "$(TARGET_NAME)";
				STRING_CATALOG_GENERATE_SYMBOLS = NO;
				SWIFT_APPROACHABLE_CONCURRENCY = YES;
				SWIFT_EMIT_LOC_STRINGS = NO;
				SWIFT_UPCOMING_FEATURE_MEMBER_IMPORT_VISIBILITY = YES;
				SWIFT_VERSION = 5.0;
				TARGETED_DEVICE_FAMILY = "1,2";
				TEST_TARGET_NAME = LuminaVaultClient;
			};
			name = Release;
		};
		60BE7A012FAE1186006F894F /* Beta */ = {
			isa = XCBuildConfiguration;
			buildSettings = {
				ALWAYS_SEARCH_USER_PATHS = NO;
				ASSETCATALOG_COMPILER_GENERATE_SWIFT_ASSET_SYMBOL_EXTENSIONS = YES;
				CLANG_ANALYZER_NONNULL = YES;
				CLANG_ANALYZER_NUMBER_OBJECT_CONVERSION = YES_AGGRESSIVE;
				CLANG_CXX_LANGUAGE_STANDARD = "gnu++20";
				CLANG_ENABLE_MODULES = YES;
				CLANG_ENABLE_OBJC_ARC = YES;
				CLANG_ENABLE_OBJC_WEAK = YES;
				CLANG_WARN_BLOCK_CAPTURE_AUTORELEASING = YES;
				CLANG_WARN_BOOL_CONVERSION = YES;
				CLANG_WARN_COMMA = YES;
				CLANG_WARN_CONSTANT_CONVERSION = YES;
				CLANG_WARN_DEPRECATED_OBJC_IMPLEMENTATIONS = YES;
				CLANG_WARN_DIRECT_OBJC_ISA_USAGE = YES_ERROR;
				CLANG_WARN_DOCUMENTATION_COMMENTS = YES;
				CLANG_WARN_EMPTY_BODY = YES;
				CLANG_WARN_ENUM_CONVERSION = YES;
				CLANG_WARN_INFINITE_RECURSION = YES;
				CLANG_WARN_INT_CONVERSION = YES;
				CLANG_WARN_NON_LITERAL_NULL_CONVERSION = YES;
				CLANG_WARN_OBJC_IMPLICIT_RETAIN_SELF = YES;
				CLANG_WARN_OBJC_LITERAL_CONVERSION = YES;
				CLANG_WARN_OBJC_ROOT_CLASS = YES_ERROR;
				CLANG_WARN_QUOTED_INCLUDE_IN_FRAMEWORK_HEADER = YES;
				CLANG_WARN_RANGE_LOOP_ANALYSIS = YES;
				CLANG_WARN_STRICT_PROTOTYPES = YES;
				CLANG_WARN_SUSPICIOUS_MOVE = YES;
				CLANG_WARN_UNGUARDED_AVAILABILITY = YES_AGGRESSIVE;
				CLANG_WARN_UNREACHABLE_CODE = YES;
				CLANG_WARN__DUPLICATE_METHOD_MATCH = YES;
				COPY_PHASE_STRIP = NO;
				DEBUG_INFORMATION_FORMAT = "dwarf-with-dsym";
				DEVELOPMENT_TEAM = 84X9WYBF36;
				ENABLE_NS_ASSERTIONS = NO;
				ENABLE_STRICT_OBJC_MSGSEND = YES;
				ENABLE_USER_SCRIPT_SANDBOXING = YES;
				GCC_C_LANGUAGE_STANDARD = gnu17;
				GCC_NO_COMMON_BLOCKS = YES;
				GCC_WARN_64_TO_32_BIT_CONVERSION = YES;
				GCC_WARN_ABOUT_RETURN_TYPE = YES_ERROR;
				GCC_WARN_UNDECLARED_SELECTOR = YES;
				GCC_WARN_UNINITIALIZED_AUTOS = YES_AGGRESSIVE;
				GCC_WARN_UNUSED_FUNCTION = YES;
				GCC_WARN_UNUSED_VARIABLE = YES;
				IPHONEOS_DEPLOYMENT_TARGET = 18.0;
				LOCALIZATION_PREFERS_STRING_CATALOGS = YES;
				MTL_ENABLE_DEBUG_INFO = NO;
				MTL_FAST_MATH = YES;
				SDKROOT = iphoneos;
				SWIFT_COMPILATION_MODE = wholemodule;
				SWIFT_DEFAULT_ACTOR_ISOLATION = MainActor;
				SWIFT_STRICT_CONCURRENCY = complete;
				VALIDATE_PRODUCT = YES;
			};
			name = Beta;
		};
		60BE7A022FAE1186006F894F /* Beta */ = {
			isa = XCBuildConfiguration;
			baseConfigurationReference = 60HER143CFGBTA0000000001 /* Config.Beta.xcconfig */;
			buildSettings = {
				ASSETCATALOG_COMPILER_APPICON_NAME = AppIcon;
				ASSETCATALOG_COMPILER_GLOBAL_ACCENT_COLOR_NAME = AccentColor;
				BUILD_NUMBER = 1;
				CODE_SIGN_ENTITLEMENTS = LuminaVaultClient/LuminaVaultClient.entitlements;
				CODE_SIGN_STYLE = Automatic;
				CURRENT_PROJECT_VERSION = "$(BUILD_NUMBER)";
				DEBUG_INFORMATION_FORMAT = "dwarf-with-dsym";
				DEVELOPMENT_TEAM = 84X9WYBF36;
				ENABLE_PREVIEWS = YES;
				ENABLE_USER_SCRIPT_SANDBOXING = NO;
				GENERATE_INFOPLIST_FILE = NO;
				INFOPLIST_FILE = LuminaVaultClient/Config/Info.plist;
				INFOPLIST_KEY_ITSAppUsesNonExemptEncryption = NO;
				INFOPLIST_KEY_LSApplicationCategoryType = "public.app-category.productivity";
				INFOPLIST_KEY_NSCameraUsageDescription = "LuminaVault uses the camera to scan the QR code that signs you in to the web dashboard.";
				INFOPLIST_KEY_NSFaceIDUsageDescription = "Use Face ID to unlock LuminaVault and your memories.";
				INFOPLIST_KEY_NSHealthShareUsageDescription = "LuminaVault reads your HealthKit data so Lumina can surface patterns and nudges from your activity, sleep, and workouts.";
				INFOPLIST_KEY_NSHealthUpdateUsageDescription = "LuminaVault writes mindfulness sessions and notes back to HealthKit when you ask Lumina to.";
				INFOPLIST_KEY_NSLocationWhenInUseUsageDescription = "LuminaVault tags captures with the place you saved them — only when you toggle Location on for that capture.";
				INFOPLIST_KEY_NSPhotoLibraryUsageDescription = "LuminaVault reads photos you pick to save them to your vault. Selection is one-shot and limited to the photos you choose.";
				INFOPLIST_KEY_UIApplicationSceneManifest_Generation = YES;
				INFOPLIST_KEY_UIApplicationSupportsIndirectInputEvents = YES;
				INFOPLIST_KEY_UIBackgroundModes = processing;
				INFOPLIST_KEY_UILaunchScreen_Generation = YES;
				INFOPLIST_KEY_UISupportedInterfaceOrientations_iPad = "UIInterfaceOrientationPortrait UIInterfaceOrientationPortraitUpsideDown UIInterfaceOrientationLandscapeLeft UIInterfaceOrientationLandscapeRight";
				INFOPLIST_KEY_UISupportedInterfaceOrientations_iPhone = "UIInterfaceOrientationPortrait UIInterfaceOrientationLandscapeLeft UIInterfaceOrientationLandscapeRight";
				LD_RUNPATH_SEARCH_PATHS = (
					"$(inherited)",
					"@executable_path/Frameworks",
				);
				MARKETING_VERSION = 1.0;
				PRODUCT_BUNDLE_IDENTIFIER = com.lumina.fernando.beta;
				PRODUCT_NAME = "$(TARGET_NAME)";
				STRING_CATALOG_GENERATE_SYMBOLS = YES;
				SWIFT_APPROACHABLE_CONCURRENCY = YES;
				SWIFT_DEFAULT_ACTOR_ISOLATION = MainActor;
				SWIFT_EMIT_LOC_STRINGS = YES;
				SWIFT_STRICT_CONCURRENCY = complete;
				SWIFT_UPCOMING_FEATURE_MEMBER_IMPORT_VISIBILITY = YES;
				SWIFT_VERSION = 5.0;
				TARGETED_DEVICE_FAMILY = "1,2";
			};
			name = Beta;
		};
		60BE7A032FAE1186006F894F /* Beta */ = {
			isa = XCBuildConfiguration;
			buildSettings = {
				BUNDLE_LOADER = "$(TEST_HOST)";
				CODE_SIGN_STYLE = Automatic;
				CURRENT_PROJECT_VERSION = 1;
				DEVELOPMENT_TEAM = 84X9WYBF36;
				GENERATE_INFOPLIST_FILE = YES;
				IPHONEOS_DEPLOYMENT_TARGET = 18.0;
				MARKETING_VERSION = 1.0;
				PRODUCT_BUNDLE_IDENTIFIER = com.lumina.LuminaVaultClientTests;
				PRODUCT_NAME = "$(TARGET_NAME)";
				STRING_CATALOG_GENERATE_SYMBOLS = NO;
				SWIFT_APPROACHABLE_CONCURRENCY = YES;
				SWIFT_EMIT_LOC_STRINGS = NO;
				SWIFT_UPCOMING_FEATURE_MEMBER_IMPORT_VISIBILITY = YES;
				SWIFT_VERSION = 5.0;
				TARGETED_DEVICE_FAMILY = "1,2";
				TEST_HOST = "$(BUILT_PRODUCTS_DIR)/LuminaVaultClient.app/$(BUNDLE_EXECUTABLE_FOLDER_PATH)/LuminaVaultClient";
			};
			name = Beta;
		};
		60BE7A042FAE1186006F894F /* Beta */ = {
			isa = XCBuildConfiguration;
			buildSettings = {
				CODE_SIGN_STYLE = Automatic;
				CURRENT_PROJECT_VERSION = 1;
				DEVELOPMENT_TEAM = 84X9WYBF36;
				GENERATE_INFOPLIST_FILE = YES;
				MARKETING_VERSION = 1.0;
				PRODUCT_BUNDLE_IDENTIFIER = com.lumina.LuminaVaultClientUITests;
				PRODUCT_NAME = "$(TARGET_NAME)";
				STRING_CATALOG_GENERATE_SYMBOLS = NO;
				SWIFT_APPROACHABLE_CONCURRENCY = YES;
				SWIFT_EMIT_LOC_STRINGS = NO;
				SWIFT_UPCOMING_FEATURE_MEMBER_IMPORT_VISIBILITY = YES;
				SWIFT_VERSION = 5.0;
				TARGETED_DEVICE_FAMILY = "1,2";
				TEST_TARGET_NAME = LuminaVaultClient;
			};
			name = Beta;
		};
/* End XCBuildConfiguration section */

/* Begin XCConfigurationList section */
		605690312FBF20FF0059C355 /* Build configuration list for PBXNativeTarget "LuminaVaultShareExtension" */ = {
			isa = XCConfigurationList;
			buildConfigurations = (
				605690322FBF20FF0059C355 /* Debug */,
				605690332FBF20FF0059C355 /* Release */,
				605690342FBF20FF0059C355 /* Beta */,
			);
			defaultConfigurationIsVisible = 0;
			defaultConfigurationName = Release;
		};
		6088C4EE2FAE1184006F894F /* Build configuration list for PBXProject "LuminaVaultClient" */ = {
			isa = XCConfigurationList;
			buildConfigurations = (
				6088C5122FAE1186006F894F /* Debug */,
				6088C5132FAE1186006F894F /* Release */,
				60BE7A012FAE1186006F894F /* Beta */,
			);
			defaultConfigurationIsVisible = 0;
			defaultConfigurationName = Release;
		};
		6088C5142FAE1186006F894F /* Build configuration list for PBXNativeTarget "LuminaVaultClient" */ = {
			isa = XCConfigurationList;
			buildConfigurations = (
				6088C5152FAE1186006F894F /* Debug */,
				6088C5162FAE1186006F894F /* Release */,
				60BE7A022FAE1186006F894F /* Beta */,
			);
			defaultConfigurationIsVisible = 0;
			defaultConfigurationName = Release;
		};
		6088C5172FAE1186006F894F /* Build configuration list for PBXNativeTarget "LuminaVaultClientTests" */ = {
			isa = XCConfigurationList;
			buildConfigurations = (
				6088C5182FAE1186006F894F /* Debug */,
				6088C5192FAE1186006F894F /* Release */,
				60BE7A032FAE1186006F894F /* Beta */,
			);
			defaultConfigurationIsVisible = 0;
			defaultConfigurationName = Release;
		};
		6088C51A2FAE1186006F894F /* Build configuration list for PBXNativeTarget "LuminaVaultClientUITests" */ = {
			isa = XCConfigurationList;
			buildConfigurations = (
				6088C51B2FAE1186006F894F /* Debug */,
				6088C51C2FAE1186006F894F /* Release */,
				60BE7A042FAE1186006F894F /* Beta */,
			);
			defaultConfigurationIsVisible = 0;
			defaultConfigurationName = Release;
		};
/* End XCConfigurationList section */

/* Begin XCRemoteSwiftPackageReference section */
		609817382FB8BE2500414C79 /* XCRemoteSwiftPackageReference "LuminaVaultShared" */ = {
			isa = XCRemoteSwiftPackageReference;
			repositoryURL = "https://github.com/LuminaVault/LuminaVaultShared.git";
			requirement = {
				kind = upToNextMajorVersion;
				minimumVersion = 3.10.0;
			};
		};
		60GRP000C2FAE1200006F894F /* XCRemoteSwiftPackageReference "Grape" */ = {
			isa = XCRemoteSwiftPackageReference;
			repositoryURL = "https://github.com/SwiftGraphs/Grape";
			requirement = {
				kind = upToNextMajorVersion;
				minimumVersion = 0.7.0;
			};
		};
		60GSI00032FAE1200006F894F /* XCRemoteSwiftPackageReference "GoogleSignIn-iOS" */ = {
			isa = XCRemoteSwiftPackageReference;
			repositoryURL = "https://github.com/google/GoogleSignIn-iOS";
			requirement = {
				kind = upToNextMajorVersion;
				minimumVersion = 8.0.0;
			};
		};
		60HER40032FAE1200006F894F /* XCRemoteSwiftPackageReference "rive-ios" */ = {
			isa = XCRemoteSwiftPackageReference;
			repositoryURL = "https://github.com/rive-app/rive-ios";
			requirement = {
				kind = upToNextMajorVersion;
				minimumVersion = 6.0.0;
			};
		};
		60MDUI032FAE1200006F894F /* XCRemoteSwiftPackageReference "swift-markdown-ui" */ = {
			isa = XCRemoteSwiftPackageReference;
			repositoryURL = "https://github.com/gonzalezreal/swift-markdown-ui";
			requirement = {
				kind = upToNextMajorVersion;
				minimumVersion = 2.0.0;
			};
		};
		60PHG00032FAE1200006F894F /* XCRemoteSwiftPackageReference "posthog-ios" */ = {
			isa = XCRemoteSwiftPackageReference;
			repositoryURL = "https://github.com/PostHog/posthog-ios";
			requirement = {
				kind = upToNextMajorVersion;
				minimumVersion = 3.0.0;
			};
		};
		60PNK00032FAE1200006F894F /* XCRemoteSwiftPackageReference "PhoneNumberKit" */ = {
			isa = XCRemoteSwiftPackageReference;
			repositoryURL = "https://github.com/marmelroy/PhoneNumberKit";
			requirement = {
				kind = upToNextMajorVersion;
				minimumVersion = 3.7.0;
			};
		};
		60SNP00032FAE1200006F894F /* XCRemoteSwiftPackageReference "swift-snapshot-testing" */ = {
			isa = XCRemoteSwiftPackageReference;
			repositoryURL = "https://github.com/pointfreeco/swift-snapshot-testing";
			requirement = {
				kind = upToNextMajorVersion;
				minimumVersion = 1.17.0;
			};
		};
		63C9812D8F0349FC8A4481E2 /* XCRemoteSwiftPackageReference "sentry-cocoa" */ = {
			isa = XCRemoteSwiftPackageReference;
			repositoryURL = "https://github.com/getsentry/sentry-cocoa/";
			requirement = {
				kind = upToNextMajorVersion;
				minimumVersion = 8.0.0;
			};
		};
		CA876A02B2394950741A9E30 /* XCRemoteSwiftPackageReference "purchases-ios" */ = {
			isa = XCRemoteSwiftPackageReference;
			repositoryURL = "https://github.com/RevenueCat/purchases-ios.git";
			requirement = {
				kind = upToNextMajorVersion;
				minimumVersion = 5.10.0;
			};
		};
/* End XCRemoteSwiftPackageReference section */

/* Begin XCSwiftPackageProductDependency section */
		41CABE5B9E8F10B98C99DA63 /* RevenueCat */ = {
			isa = XCSwiftPackageProductDependency;
			package = CA876A02B2394950741A9E30 /* XCRemoteSwiftPackageReference "purchases-ios" */;
			productName = RevenueCat;
		};
		609817392FB8BE2500414C79 /* LuminaVaultShared */ = {
			isa = XCSwiftPackageProductDependency;
			package = 609817382FB8BE2500414C79 /* XCRemoteSwiftPackageReference "LuminaVaultShared" */;
			productName = LuminaVaultShared;
		};
		60GRP000A2FAE1200006F894F /* Grape */ = {
			isa = XCSwiftPackageProductDependency;
			package = 60GRP000C2FAE1200006F894F /* XCRemoteSwiftPackageReference "Grape" */;
			productName = Grape;
		};
		60GSI00022FAE1200006F894F /* GoogleSignIn */ = {
			isa = XCSwiftPackageProductDependency;
			package = 60GSI00032FAE1200006F894F /* XCRemoteSwiftPackageReference "GoogleSignIn-iOS" */;
			productName = GoogleSignIn;
		};
		60HER40022FAE1200006F894F /* RiveRuntime */ = {
			isa = XCSwiftPackageProductDependency;
			package = 60HER40032FAE1200006F894F /* XCRemoteSwiftPackageReference "rive-ios" */;
			productName = RiveRuntime;
		};
		60MDUI022FAE1200006F894F /* MarkdownUI */ = {
			isa = XCSwiftPackageProductDependency;
			package = 60MDUI032FAE1200006F894F /* XCRemoteSwiftPackageReference "swift-markdown-ui" */;
			productName = MarkdownUI;
		};
		60PHG00022FAE1200006F894F /* PostHog */ = {
			isa = XCSwiftPackageProductDependency;
			package = 60PHG00032FAE1200006F894F /* XCRemoteSwiftPackageReference "posthog-ios" */;
			productName = PostHog;
		};
		60PNK00022FAE1200006F894F /* PhoneNumberKit */ = {
			isa = XCSwiftPackageProductDependency;
			package = 60PNK00032FAE1200006F894F /* XCRemoteSwiftPackageReference "PhoneNumberKit" */;
			productName = PhoneNumberKit;
		};
		60SNP00022FAE1200006F894F /* SnapshotTesting */ = {
			isa = XCSwiftPackageProductDependency;
			package = 60SNP00032FAE1200006F894F /* XCRemoteSwiftPackageReference "swift-snapshot-testing" */;
			productName = SnapshotTesting;
		};
		D7B92A4C1DB72A55FF1DE968 /* RevenueCatUI */ = {
			isa = XCSwiftPackageProductDependency;
			package = CA876A02B2394950741A9E30 /* XCRemoteSwiftPackageReference "purchases-ios" */;
			productName = RevenueCatUI;
		};
		F8D79674B58849A9A00C4538 /* Sentry-Dynamic */ = {
			isa = XCSwiftPackageProductDependency;
			package = 63C9812D8F0349FC8A4481E2 /* XCRemoteSwiftPackageReference "sentry-cocoa" */;
			productName = "Sentry-Dynamic";
		};
/* End XCSwiftPackageProductDependency section */
	};
	rootObject = 6088C4EB2FAE1184006F894F /* Project object */;
}
